
Microsoft Visual Studio Solution File, Format Version 12.00
# Visual Studio Version 17
VisualStudioVersion = 17.14.36414.22 d17.14
MinimumVisualStudioVersion = 10.0.40219.1
Project("{8BC9CEB8-8B4A-11D0-8D11-00A0C91BC942}") = "Proeject_c++", "Proeject_c++.vcxproj", "{86C404B7-3E82-463D-A740-DD57C71FF225}"
EndProject
Global
	GlobalSection(SolutionConfigurationPlatforms) = preSolution
		Debug|x64 = Debug|x64
		Debug|x86 = Debug|x86
		Release|x64 = Release|x64
		Release|x86 = Release|x86
	EndGlobalSection
	GlobalSection(ProjectConfigurationPlatforms) = postSolution
		{86C404B7-3E82-463D-A740-DD57C71FF225}.Debug|x64.ActiveCfg = Debug|x64
		{86C404B7-3E82-463D-A740-DD57C71FF225}.Debug|x64.Build.0 = Debug|x64
		{86C404B7-3E82-463D-A740-DD57C71FF225}.Debug|x86.ActiveCfg = Debug|Win32
		{86C404B7-3E82-463D-A740-DD57C71FF225}.Debug|x86.Build.0 = Debug|Win32
		{86C404B7-3E82-463D-A740-DD57C71FF225}.Release|x64.ActiveCfg = Release|x64
		{86C404B7-3E82-463D-A740-DD57C71FF225}.Release|x64.Build.0 = Release|x64
		{86C404B7-3E82-463D-A740-DD57C71FF225}.Release|x86.ActiveCfg = Release|Win32
		{86C404B7-3E82-463D-A740-DD57C71FF225}.Release|x86.Build.0 = Release|Win32
	EndGlobalSection
	GlobalSection(SolutionProperties) = preSolution
		HideSolutionNode = FALSE
	EndGlobalSection
	GlobalSection(ExtensibilityGlobals) = postSolution
		SolutionGuid = {2075A958-D710-47F0-8F4E-34B61AC924BF}
	EndGlobalSection
EndGlobal
